Microsoft Visual Studio Solution File, Format Version 11.00
# Visual Studio 2010
Project("{8BC9CEB8-8B4A-11D0-8D11-00A0C91BC942}") = "ALL_BUILD", "ALL_BUILD.vcxproj", "{1FF26DF8-F7D5-41DF-96A3-F84133E32447}"
	ProjectSection(ProjectDependencies) = postProject
		{2F608C70-F1E4-4632-9BE5-AB4CF3379B50} = {2F608C70-F1E4-4632-9BE5-AB4CF3379B50}
		{EF5BB245-AB65-479A-83CB-BA6506797BC8} = {EF5BB245-AB65-479A-83CB-BA6506797BC8}
		{B091119F-6CEB-4B37-A75A-F1964326BFD0} = {B091119F-6CEB-4B37-A75A-F1964326BFD0}
		{329B9EFC-1A00-41C6-9133-30DCD11DA4DE} = {329B9EFC-1A00-41C6-9133-30DCD11DA4DE}
		{CF939E3A-BC67-4EFD-AE12-2B63820C78F6} = {CF939E3A-BC67-4EFD-AE12-2B63820C78F6}
		{C95B9B97-622D-4567-ADC5-18320CF295B3} = {C95B9B97-622D-4567-ADC5-18320CF295B3}
		{A56504B9-1A54-4B53-A4F8-BD12D3CE7100} = {A56504B9-1A54-4B53-A4F8-BD12D3CE7100}
		{9DD88917-73DC-46C2-A706-0D96415C180E} = {9DD88917-73DC-46C2-A706-0D96415C180E}
		{DD81F1C2-1659-4ED4-BB42-925187400049} = {DD81F1C2-1659-4ED4-BB42-925187400049}
		{08F4BF63-C1FF-4762-9609-59633508353D} = {08F4BF63-C1FF-4762-9609-59633508353D}
		{81DCFF31-C5CC-459E-9902-C21FFE0C3038} = {81DCFF31-C5CC-459E-9902-C21FFE0C3038}
		{F85CEDF5-A31E-4C23-8E85-A57D74429D20} = {F85CEDF5-A31E-4C23-8E85-A57D74429D20}
		{56F37F91-C9F3-48AB-8D25-D455CC31CD6E} = {56F37F91-C9F3-48AB-8D25-D455CC31CD6E}
		{0EA83780-7435-4C9F-9646-6BCB7AEF3399} = {0EA83780-7435-4C9F-9646-6BCB7AEF3399}
		{5CC973CA-9657-48B5-895B-B078F1D1B9AE} = {5CC973CA-9657-48B5-895B-B078F1D1B9AE}
		{A273ACE4-DEC6-48FF-BDD4-C02BAC9D602F} = {A273ACE4-DEC6-48FF-BDD4-C02BAC9D602F}
		{F57B924C-304B-4C4F-944F-35A35FE10F38} = {F57B924C-304B-4C4F-944F-35A35FE10F38}
		{1413348C-27AD-4DA0-B9BB-BECDBDA5687E} = {1413348C-27AD-4DA0-B9BB-BECDBDA5687E}
		{B4D98F88-7F91-4AF3-A858-E94B4776176D} = {B4D98F88-7F91-4AF3-A858-E94B4776176D}
		{FAF8DBC1-8853-4886-8A9B-DB3E6A3DE938} = {FAF8DBC1-8853-4886-8A9B-DB3E6A3DE938}
		{3D7F36D8-01B1-48EF-A19B-5FACDAE72B9C} = {3D7F36D8-01B1-48EF-A19B-5FACDAE72B9C}
		{A1AE2A9B-D56E-4ECB-8725-602D59196C85} = {A1AE2A9B-D56E-4ECB-8725-602D59196C85}
		{F0E25FB7-30DA-4C65-9046-2D70B918AE1A} = {F0E25FB7-30DA-4C65-9046-2D70B918AE1A}
		{B3FC3627-FAC4-40EC-A455-1A564F1E9F8B} = {B3FC3627-FAC4-40EC-A455-1A564F1E9F8B}
		{2629B6BA-1F17-4916-B0CD-63469CCCA24C} = {2629B6BA-1F17-4916-B0CD-63469CCCA24C}
	EndProjectSection
EndProject
Project("{8BC9CEB8-8B4A-11D0-8D11-00A0C91BC942}") = "INSTALL", "INSTALL.vcxproj", "{3EDC3BB6-DB90-4AEE-8627-BD20119C487E}"
	ProjectSection(ProjectDependencies) = postProject
		{1FF26DF8-F7D5-41DF-96A3-F84133E32447} = {1FF26DF8-F7D5-41DF-96A3-F84133E32447}
	EndProjectSection
EndProject
Project("{8BC9CEB8-8B4A-11D0-8D11-00A0C91BC942}") = "ZERO_CHECK", "ZERO_CHECK.vcxproj", "{2F608C70-F1E4-4632-9BE5-AB4CF3379B50}"
	ProjectSection(ProjectDependencies) = postProject
	EndProjectSection
EndProject
Project("{8BC9CEB8-8B4A-11D0-8D11-00A0C91BC942}") = "accuracy", "tests\accuracy.vcxproj", "{EF5BB245-AB65-479A-83CB-BA6506797BC8}"
	ProjectSection(ProjectDependencies) = postProject
		{2F608C70-F1E4-4632-9BE5-AB4CF3379B50} = {2F608C70-F1E4-4632-9BE5-AB4CF3379B50}
		{08F4BF63-C1FF-4762-9609-59633508353D} = {08F4BF63-C1FF-4762-9609-59633508353D}
	EndProjectSection
EndProject
Project("{8BC9CEB8-8B4A-11D0-8D11-00A0C91BC942}") = "boing", "examples\boing.vcxproj", "{B091119F-6CEB-4B37-A75A-F1964326BFD0}"
	ProjectSection(ProjectDependencies) = postProject
		{2F608C70-F1E4-4632-9BE5-AB4CF3379B50} = {2F608C70-F1E4-4632-9BE5-AB4CF3379B50}
		{08F4BF63-C1FF-4762-9609-59633508353D} = {08F4BF63-C1FF-4762-9609-59633508353D}
	EndProjectSection
EndProject
Project("{8BC9CEB8-8B4A-11D0-8D11-00A0C91BC942}") = "clipboard", "tests\clipboard.vcxproj", "{329B9EFC-1A00-41C6-9133-30DCD11DA4DE}"
	ProjectSection(ProjectDependencies) = postProject
		{2F608C70-F1E4-4632-9BE5-AB4CF3379B50} = {2F608C70-F1E4-4632-9BE5-AB4CF3379B50}
		{08F4BF63-C1FF-4762-9609-59633508353D} = {08F4BF63-C1FF-4762-9609-59633508353D}
	EndProjectSection
EndProject
Project("{8BC9CEB8-8B4A-11D0-8D11-00A0C91BC942}") = "defaults", "tests\defaults.vcxproj", "{CF939E3A-BC67-4EFD-AE12-2B63820C78F6}"
	ProjectSection(ProjectDependencies) = postProject
		{2F608C70-F1E4-4632-9BE5-AB4CF3379B50} = {2F608C70-F1E4-4632-9BE5-AB4CF3379B50}
		{08F4BF63-C1FF-4762-9609-59633508353D} = {08F4BF63-C1FF-4762-9609-59633508353D}
	EndProjectSection
EndProject
Project("{8BC9CEB8-8B4A-11D0-8D11-00A0C91BC942}") = "events", "tests\events.vcxproj", "{C95B9B97-622D-4567-ADC5-18320CF295B3}"
	ProjectSection(ProjectDependencies) = postProject
		{2F608C70-F1E4-4632-9BE5-AB4CF3379B50} = {2F608C70-F1E4-4632-9BE5-AB4CF3379B50}
		{08F4BF63-C1FF-4762-9609-59633508353D} = {08F4BF63-C1FF-4762-9609-59633508353D}
	EndProjectSection
EndProject
Project("{8BC9CEB8-8B4A-11D0-8D11-00A0C91BC942}") = "fsaa", "tests\fsaa.vcxproj", "{A56504B9-1A54-4B53-A4F8-BD12D3CE7100}"
	ProjectSection(ProjectDependencies) = postProject
		{2F608C70-F1E4-4632-9BE5-AB4CF3379B50} = {2F608C70-F1E4-4632-9BE5-AB4CF3379B50}
		{08F4BF63-C1FF-4762-9609-59633508353D} = {08F4BF63-C1FF-4762-9609-59633508353D}
	EndProjectSection
EndProject
Project("{8BC9CEB8-8B4A-11D0-8D11-00A0C91BC942}") = "gamma", "tests\gamma.vcxproj", "{9DD88917-73DC-46C2-A706-0D96415C180E}"
	ProjectSection(ProjectDependencies) = postProject
		{2F608C70-F1E4-4632-9BE5-AB4CF3379B50} = {2F608C70-F1E4-4632-9BE5-AB4CF3379B50}
		{08F4BF63-C1FF-4762-9609-59633508353D} = {08F4BF63-C1FF-4762-9609-59633508353D}
	EndProjectSection
EndProject
Project("{8BC9CEB8-8B4A-11D0-8D11-00A0C91BC942}") = "gears", "examples\gears.vcxproj", "{DD81F1C2-1659-4ED4-BB42-925187400049}"
	ProjectSection(ProjectDependencies) = postProject
		{2F608C70-F1E4-4632-9BE5-AB4CF3379B50} = {2F608C70-F1E4-4632-9BE5-AB4CF3379B50}
		{08F4BF63-C1FF-4762-9609-59633508353D} = {08F4BF63-C1FF-4762-9609-59633508353D}
	EndProjectSection
EndProject
Project("{8BC9CEB8-8B4A-11D0-8D11-00A0C91BC942}") = "glfw", "src\glfw.vcxproj", "{08F4BF63-C1FF-4762-9609-59633508353D}"
	ProjectSection(ProjectDependencies) = postProject
		{2F608C70-F1E4-4632-9BE5-AB4CF3379B50} = {2F608C70-F1E4-4632-9BE5-AB4CF3379B50}
	EndProjectSection
EndProject
Project("{8BC9CEB8-8B4A-11D0-8D11-00A0C91BC942}") = "glfwinfo", "tests\glfwinfo.vcxproj", "{81DCFF31-C5CC-459E-9902-C21FFE0C3038}"
	ProjectSection(ProjectDependencies) = postProject
		{2F608C70-F1E4-4632-9BE5-AB4CF3379B50} = {2F608C70-F1E4-4632-9BE5-AB4CF3379B50}
		{08F4BF63-C1FF-4762-9609-59633508353D} = {08F4BF63-C1FF-4762-9609-59633508353D}
	EndProjectSection
EndProject
Project("{8BC9CEB8-8B4A-11D0-8D11-00A0C91BC942}") = "heightmap", "examples\heightmap.vcxproj", "{F85CEDF5-A31E-4C23-8E85-A57D74429D20}"
	ProjectSection(ProjectDependencies) = postProject
		{2F608C70-F1E4-4632-9BE5-AB4CF3379B50} = {2F608C70-F1E4-4632-9BE5-AB4CF3379B50}
		{08F4BF63-C1FF-4762-9609-59633508353D} = {08F4BF63-C1FF-4762-9609-59633508353D}
	EndProjectSection
EndProject
Project("{8BC9CEB8-8B4A-11D0-8D11-00A0C91BC942}") = "iconify", "tests\iconify.vcxproj", "{56F37F91-C9F3-48AB-8D25-D455CC31CD6E}"
	ProjectSection(ProjectDependencies) = postProject
		{2F608C70-F1E4-4632-9BE5-AB4CF3379B50} = {2F608C70-F1E4-4632-9BE5-AB4CF3379B50}
		{08F4BF63-C1FF-4762-9609-59633508353D} = {08F4BF63-C1FF-4762-9609-59633508353D}
	EndProjectSection
EndProject
Project("{8BC9CEB8-8B4A-11D0-8D11-00A0C91BC942}") = "joysticks", "tests\joysticks.vcxproj", "{0EA83780-7435-4C9F-9646-6BCB7AEF3399}"
	ProjectSection(ProjectDependencies) = postProject
		{2F608C70-F1E4-4632-9BE5-AB4CF3379B50} = {2F608C70-F1E4-4632-9BE5-AB4CF3379B50}
		{08F4BF63-C1FF-4762-9609-59633508353D} = {08F4BF63-C1FF-4762-9609-59633508353D}
	EndProjectSection
EndProject
Project("{8BC9CEB8-8B4A-11D0-8D11-00A0C91BC942}") = "modes", "tests\modes.vcxproj", "{5CC973CA-9657-48B5-895B-B078F1D1B9AE}"
	ProjectSection(ProjectDependencies) = postProject
		{2F608C70-F1E4-4632-9BE5-AB4CF3379B50} = {2F608C70-F1E4-4632-9BE5-AB4CF3379B50}
		{08F4BF63-C1FF-4762-9609-59633508353D} = {08F4BF63-C1FF-4762-9609-59633508353D}
	EndProjectSection
EndProject
Project("{8BC9CEB8-8B4A-11D0-8D11-00A0C91BC942}") = "peter", "tests\peter.vcxproj", "{A273ACE4-DEC6-48FF-BDD4-C02BAC9D602F}"
	ProjectSection(ProjectDependencies) = postProject
		{2F608C70-F1E4-4632-9BE5-AB4CF3379B50} = {2F608C70-F1E4-4632-9BE5-AB4CF3379B50}
		{08F4BF63-C1FF-4762-9609-59633508353D} = {08F4BF63-C1FF-4762-9609-59633508353D}
	EndProjectSection
EndProject
Project("{8BC9CEB8-8B4A-11D0-8D11-00A0C91BC942}") = "reopen", "tests\reopen.vcxproj", "{F57B924C-304B-4C4F-944F-35A35FE10F38}"
	ProjectSection(ProjectDependencies) = postProject
		{2F608C70-F1E4-4632-9BE5-AB4CF3379B50} = {2F608C70-F1E4-4632-9BE5-AB4CF3379B50}
		{08F4BF63-C1FF-4762-9609-59633508353D} = {08F4BF63-C1FF-4762-9609-59633508353D}
	EndProjectSection
EndProject
Project("{8BC9CEB8-8B4A-11D0-8D11-00A0C91BC942}") = "sharing", "tests\sharing.vcxproj", "{1413348C-27AD-4DA0-B9BB-BECDBDA5687E}"
	ProjectSection(ProjectDependencies) = postProject
		{2F608C70-F1E4-4632-9BE5-AB4CF3379B50} = {2F608C70-F1E4-4632-9BE5-AB4CF3379B50}
		{08F4BF63-C1FF-4762-9609-59633508353D} = {08F4BF63-C1FF-4762-9609-59633508353D}
	EndProjectSection
EndProject
Project("{8BC9CEB8-8B4A-11D0-8D11-00A0C91BC942}") = "simple", "examples\simple.vcxproj", "{B4D98F88-7F91-4AF3-A858-E94B4776176D}"
	ProjectSection(ProjectDependencies) = postProject
		{2F608C70-F1E4-4632-9BE5-AB4CF3379B50} = {2F608C70-F1E4-4632-9BE5-AB4CF3379B50}
		{08F4BF63-C1FF-4762-9609-59633508353D} = {08F4BF63-C1FF-4762-9609-59633508353D}
	EndProjectSection
EndProject
Project("{8BC9CEB8-8B4A-11D0-8D11-00A0C91BC942}") = "splitview", "examples\splitview.vcxproj", "{FAF8DBC1-8853-4886-8A9B-DB3E6A3DE938}"
	ProjectSection(ProjectDependencies) = postProject
		{2F608C70-F1E4-4632-9BE5-AB4CF3379B50} = {2F608C70-F1E4-4632-9BE5-AB4CF3379B50}
		{08F4BF63-C1FF-4762-9609-59633508353D} = {08F4BF63-C1FF-4762-9609-59633508353D}
	EndProjectSection
EndProject
Project("{8BC9CEB8-8B4A-11D0-8D11-00A0C91BC942}") = "tearing", "tests\tearing.vcxproj", "{3D7F36D8-01B1-48EF-A19B-5FACDAE72B9C}"
	ProjectSection(ProjectDependencies) = postProject
		{2F608C70-F1E4-4632-9BE5-AB4CF3379B50} = {2F608C70-F1E4-4632-9BE5-AB4CF3379B50}
		{08F4BF63-C1FF-4762-9609-59633508353D} = {08F4BF63-C1FF-4762-9609-59633508353D}
	EndProjectSection
EndProject
Project("{8BC9CEB8-8B4A-11D0-8D11-00A0C91BC942}") = "threads", "tests\threads.vcxproj", "{A1AE2A9B-D56E-4ECB-8725-602D59196C85}"
	ProjectSection(ProjectDependencies) = postProject
		{2F608C70-F1E4-4632-9BE5-AB4CF3379B50} = {2F608C70-F1E4-4632-9BE5-AB4CF3379B50}
		{08F4BF63-C1FF-4762-9609-59633508353D} = {08F4BF63-C1FF-4762-9609-59633508353D}
	EndProjectSection
EndProject
Project("{8BC9CEB8-8B4A-11D0-8D11-00A0C91BC942}") = "title", "tests\title.vcxproj", "{F0E25FB7-30DA-4C65-9046-2D70B918AE1A}"
	ProjectSection(ProjectDependencies) = postProject
		{2F608C70-F1E4-4632-9BE5-AB4CF3379B50} = {2F608C70-F1E4-4632-9BE5-AB4CF3379B50}
		{08F4BF63-C1FF-4762-9609-59633508353D} = {08F4BF63-C1FF-4762-9609-59633508353D}
	EndProjectSection
EndProject
Project("{8BC9CEB8-8B4A-11D0-8D11-00A0C91BC942}") = "uninstall", "uninstall.vcxproj", "{02ADA10F-D4D5-4083-881C-0D3236C404DC}"
	ProjectSection(ProjectDependencies) = postProject
		{2F608C70-F1E4-4632-9BE5-AB4CF3379B50} = {2F608C70-F1E4-4632-9BE5-AB4CF3379B50}
	EndProjectSection
EndProject
Project("{8BC9CEB8-8B4A-11D0-8D11-00A0C91BC942}") = "wave", "examples\wave.vcxproj", "{B3FC3627-FAC4-40EC-A455-1A564F1E9F8B}"
	ProjectSection(ProjectDependencies) = postProject
		{2F608C70-F1E4-4632-9BE5-AB4CF3379B50} = {2F608C70-F1E4-4632-9BE5-AB4CF3379B50}
		{08F4BF63-C1FF-4762-9609-59633508353D} = {08F4BF63-C1FF-4762-9609-59633508353D}
	EndProjectSection
EndProject
Project("{8BC9CEB8-8B4A-11D0-8D11-00A0C91BC942}") = "windows", "tests\windows.vcxproj", "{2629B6BA-1F17-4916-B0CD-63469CCCA24C}"
	ProjectSection(ProjectDependencies) = postProject
		{2F608C70-F1E4-4632-9BE5-AB4CF3379B50} = {2F608C70-F1E4-4632-9BE5-AB4CF3379B50}
		{08F4BF63-C1FF-4762-9609-59633508353D} = {08F4BF63-C1FF-4762-9609-59633508353D}
	EndProjectSection
EndProject
Global
	GlobalSection(SolutionConfigurationPlatforms) = preSolution
		Debug|Win32 = Debug|Win32
		Release|Win32 = Release|Win32
		MinSizeRel|Win32 = MinSizeRel|Win32
		RelWithDebInfo|Win32 = RelWithDebInfo|Win32
	EndGlobalSection
	GlobalSection(ProjectConfigurationPlatforms) = postSolution
		{1FF26DF8-F7D5-41DF-96A3-F84133E32447}.Debug|Win32.ActiveCfg = Debug|Win32
		{1FF26DF8-F7D5-41DF-96A3-F84133E32447}.Debug|Win32.Build.0 = Debug|Win32
		{1FF26DF8-F7D5-41DF-96A3-F84133E32447}.Release|Win32.ActiveCfg = Release|Win32
		{1FF26DF8-F7D5-41DF-96A3-F84133E32447}.Release|Win32.Build.0 = Release|Win32
		{1FF26DF8-F7D5-41DF-96A3-F84133E32447}.MinSizeRel|Win32.ActiveCfg = MinSizeRel|Win32
		{1FF26DF8-F7D5-41DF-96A3-F84133E32447}.MinSizeRel|Win32.Build.0 = MinSizeRel|Win32
		{1FF26DF8-F7D5-41DF-96A3-F84133E32447}.RelWithDebInfo|Win32.ActiveCfg = RelWithDebInfo|Win32
		{1FF26DF8-F7D5-41DF-96A3-F84133E32447}.RelWithDebInfo|Win32.Build.0 = RelWithDebInfo|Win32
		{3EDC3BB6-DB90-4AEE-8627-BD20119C487E}.Debug|Win32.ActiveCfg = Debug|Win32
		{3EDC3BB6-DB90-4AEE-8627-BD20119C487E}.Release|Win32.ActiveCfg = Release|Win32
		{3EDC3BB6-DB90-4AEE-8627-BD20119C487E}.MinSizeRel|Win32.ActiveCfg = MinSizeRel|Win32
		{3EDC3BB6-DB90-4AEE-8627-BD20119C487E}.RelWithDebInfo|Win32.ActiveCfg = RelWithDebInfo|Win32
		{2F608C70-F1E4-4632-9BE5-AB4CF3379B50}.Debug|Win32.ActiveCfg = Debug|Win32
		{2F608C70-F1E4-4632-9BE5-AB4CF3379B50}.Debug|Win32.Build.0 = Debug|Win32
		{2F608C70-F1E4-4632-9BE5-AB4CF3379B50}.Release|Win32.ActiveCfg = Release|Win32
		{2F608C70-F1E4-4632-9BE5-AB4CF3379B50}.Release|Win32.Build.0 = Release|Win32
		{2F608C70-F1E4-4632-9BE5-AB4CF3379B50}.MinSizeRel|Win32.ActiveCfg = MinSizeRel|Win32
		{2F608C70-F1E4-4632-9BE5-AB4CF3379B50}.MinSizeRel|Win32.Build.0 = MinSizeRel|Win32
		{2F608C70-F1E4-4632-9BE5-AB4CF3379B50}.RelWithDebInfo|Win32.ActiveCfg = RelWithDebInfo|Win32
		{2F608C70-F1E4-4632-9BE5-AB4CF3379B50}.RelWithDebInfo|Win32.Build.0 = RelWithDebInfo|Win32
		{EF5BB245-AB65-479A-83CB-BA6506797BC8}.Debug|Win32.ActiveCfg = Debug|Win32
		{EF5BB245-AB65-479A-83CB-BA6506797BC8}.Debug|Win32.Build.0 = Debug|Win32
		{EF5BB245-AB65-479A-83CB-BA6506797BC8}.Release|Win32.ActiveCfg = Release|Win32
		{EF5BB245-AB65-479A-83CB-BA6506797BC8}.Release|Win32.Build.0 = Release|Win32
		{EF5BB245-AB65-479A-83CB-BA6506797BC8}.MinSizeRel|Win32.ActiveCfg = MinSizeRel|Win32
		{EF5BB245-AB65-479A-83CB-BA6506797BC8}.MinSizeRel|Win32.Build.0 = MinSizeRel|Win32
		{EF5BB245-AB65-479A-83CB-BA6506797BC8}.RelWithDebInfo|Win32.ActiveCfg = RelWithDebInfo|Win32
		{EF5BB245-AB65-479A-83CB-BA6506797BC8}.RelWithDebInfo|Win32.Build.0 = RelWithDebInfo|Win32
		{B091119F-6CEB-4B37-A75A-F1964326BFD0}.Debug|Win32.ActiveCfg = Debug|Win32
		{B091119F-6CEB-4B37-A75A-F1964326BFD0}.Debug|Win32.Build.0 = Debug|Win32
		{B091119F-6CEB-4B37-A75A-F1964326BFD0}.Release|Win32.ActiveCfg = Release|Win32
		{B091119F-6CEB-4B37-A75A-F1964326BFD0}.Release|Win32.Build.0 = Release|Win32
		{B091119F-6CEB-4B37-A75A-F1964326BFD0}.MinSizeRel|Win32.ActiveCfg = MinSizeRel|Win32
		{B091119F-6CEB-4B37-A75A-F1964326BFD0}.MinSizeRel|Win32.Build.0 = MinSizeRel|Win32
		{B091119F-6CEB-4B37-A75A-F1964326BFD0}.RelWithDebInfo|Win32.ActiveCfg = RelWithDebInfo|Win32
		{B091119F-6CEB-4B37-A75A-F1964326BFD0}.RelWithDebInfo|Win32.Build.0 = RelWithDebInfo|Win32
		{329B9EFC-1A00-41C6-9133-30DCD11DA4DE}.Debug|Win32.ActiveCfg = Debug|Win32
		{329B9EFC-1A00-41C6-9133-30DCD11DA4DE}.Debug|Win32.Build.0 = Debug|Win32
		{329B9EFC-1A00-41C6-9133-30DCD11DA4DE}.Release|Win32.ActiveCfg = Release|Win32
		{329B9EFC-1A00-41C6-9133-30DCD11DA4DE}.Release|Win32.Build.0 = Release|Win32
		{329B9EFC-1A00-41C6-9133-30DCD11DA4DE}.MinSizeRel|Win32.ActiveCfg = MinSizeRel|Win32
		{329B9EFC-1A00-41C6-9133-30DCD11DA4DE}.MinSizeRel|Win32.Build.0 = MinSizeRel|Win32
		{329B9EFC-1A00-41C6-9133-30DCD11DA4DE}.RelWithDebInfo|Win32.ActiveCfg = RelWithDebInfo|Win32
		{329B9EFC-1A00-41C6-9133-30DCD11DA4DE}.RelWithDebInfo|Win32.Build.0 = RelWithDebInfo|Win32
		{CF939E3A-BC67-4EFD-AE12-2B63820C78F6}.Debug|Win32.ActiveCfg = Debug|Win32
		{CF939E3A-BC67-4EFD-AE12-2B63820C78F6}.Debug|Win32.Build.0 = Debug|Win32
		{CF939E3A-BC67-4EFD-AE12-2B63820C78F6}.Release|Win32.ActiveCfg = Release|Win32
		{CF939E3A-BC67-4EFD-AE12-2B63820C78F6}.Release|Win32.Build.0 = Release|Win32
		{CF939E3A-BC67-4EFD-AE12-2B63820C78F6}.MinSizeRel|Win32.ActiveCfg = MinSizeRel|Win32
		{CF939E3A-BC67-4EFD-AE12-2B63820C78F6}.MinSizeRel|Win32.Build.0 = MinSizeRel|Win32
		{CF939E3A-BC67-4EFD-AE12-2B63820C78F6}.RelWithDebInfo|Win32.ActiveCfg = RelWithDebInfo|Win32
		{CF939E3A-BC67-4EFD-AE12-2B63820C78F6}.RelWithDebInfo|Win32.Build.0 = RelWithDebInfo|Win32
		{C95B9B97-622D-4567-ADC5-18320CF295B3}.Debug|Win32.ActiveCfg = Debug|Win32
		{C95B9B97-622D-4567-ADC5-18320CF295B3}.Debug|Win32.Build.0 = Debug|Win32
		{C95B9B97-622D-4567-ADC5-18320CF295B3}.Release|Win32.ActiveCfg = Release|Win32
		{C95B9B97-622D-4567-ADC5-18320CF295B3}.Release|Win32.Build.0 = Release|Win32
		{C95B9B97-622D-4567-ADC5-18320CF295B3}.MinSizeRel|Win32.ActiveCfg = MinSizeRel|Win32
		{C95B9B97-622D-4567-ADC5-18320CF295B3}.MinSizeRel|Win32.Build.0 = MinSizeRel|Win32
		{C95B9B97-622D-4567-ADC5-18320CF295B3}.RelWithDebInfo|Win32.ActiveCfg = RelWithDebInfo|Win32
		{C95B9B97-622D-4567-ADC5-18320CF295B3}.RelWithDebInfo|Win32.Build.0 = RelWithDebInfo|Win32
		{A56504B9-1A54-4B53-A4F8-BD12D3CE7100}.Debug|Win32.ActiveCfg = Debug|Win32
		{A56504B9-1A54-4B53-A4F8-BD12D3CE7100}.Debug|Win32.Build.0 = Debug|Win32
		{A56504B9-1A54-4B53-A4F8-BD12D3CE7100}.Release|Win32.ActiveCfg = Release|Win32
		{A56504B9-1A54-4B53-A4F8-BD12D3CE7100}.Release|Win32.Build.0 = Release|Win32
		{A56504B9-1A54-4B53-A4F8-BD12D3CE7100}.MinSizeRel|Win32.ActiveCfg = MinSizeRel|Win32
		{A56504B9-1A54-4B53-A4F8-BD12D3CE7100}.MinSizeRel|Win32.Build.0 = MinSizeRel|Win32
		{A56504B9-1A54-4B53-A4F8-BD12D3CE7100}.RelWithDebInfo|Win32.ActiveCfg = RelWithDebInfo|Win32
		{A56504B9-1A54-4B53-A4F8-BD12D3CE7100}.RelWithDebInfo|Win32.Build.0 = RelWithDebInfo|Win32
		{9DD88917-73DC-46C2-A706-0D96415C180E}.Debug|Win32.ActiveCfg = Debug|Win32
		{9DD88917-73DC-46C2-A706-0D96415C180E}.Debug|Win32.Build.0 = Debug|Win32
		{9DD88917-73DC-46C2-A706-0D96415C180E}.Release|Win32.ActiveCfg = Release|Win32
		{9DD88917-73DC-46C2-A706-0D96415C180E}.Release|Win32.Build.0 = Release|Win32
		{9DD88917-73DC-46C2-A706-0D96415C180E}.MinSizeRel|Win32.ActiveCfg = MinSizeRel|Win32
		{9DD88917-73DC-46C2-A706-0D96415C180E}.MinSizeRel|Win32.Build.0 = MinSizeRel|Win32
		{9DD88917-73DC-46C2-A706-0D96415C180E}.RelWithDebInfo|Win32.ActiveCfg = RelWithDebInfo|Win32
		{9DD88917-73DC-46C2-A706-0D96415C180E}.RelWithDebInfo|Win32.Build.0 = RelWithDebInfo|Win32
		{DD81F1C2-1659-4ED4-BB42-925187400049}.Debug|Win32.ActiveCfg = Debug|Win32
		{DD81F1C2-1659-4ED4-BB42-925187400049}.Debug|Win32.Build.0 = Debug|Win32
		{DD81F1C2-1659-4ED4-BB42-925187400049}.Release|Win32.ActiveCfg = Release|Win32
		{DD81F1C2-1659-4ED4-BB42-925187400049}.Release|Win32.Build.0 = Release|Win32
		{DD81F1C2-1659-4ED4-BB42-925187400049}.MinSizeRel|Win32.ActiveCfg = MinSizeRel|Win32
		{DD81F1C2-1659-4ED4-BB42-925187400049}.MinSizeRel|Win32.Build.0 = MinSizeRel|Win32
		{DD81F1C2-1659-4ED4-BB42-925187400049}.RelWithDebInfo|Win32.ActiveCfg = RelWithDebInfo|Win32
		{DD81F1C2-1659-4ED4-BB42-925187400049}.RelWithDebInfo|Win32.Build.0 = RelWithDebInfo|Win32
		{08F4BF63-C1FF-4762-9609-59633508353D}.Debug|Win32.ActiveCfg = Debug|Win32
		{08F4BF63-C1FF-4762-9609-59633508353D}.Debug|Win32.Build.0 = Debug|Win32
		{08F4BF63-C1FF-4762-9609-59633508353D}.Release|Win32.ActiveCfg = Release|Win32
		{08F4BF63-C1FF-4762-9609-59633508353D}.Release|Win32.Build.0 = Release|Win32
		{08F4BF63-C1FF-4762-9609-59633508353D}.MinSizeRel|Win32.ActiveCfg = MinSizeRel|Win32
		{08F4BF63-C1FF-4762-9609-59633508353D}.MinSizeRel|Win32.Build.0 = MinSizeRel|Win32
		{08F4BF63-C1FF-4762-9609-59633508353D}.RelWithDebInfo|Win32.ActiveCfg = RelWithDebInfo|Win32
		{08F4BF63-C1FF-4762-9609-59633508353D}.RelWithDebInfo|Win32.Build.0 = RelWithDebInfo|Win32
		{81DCFF31-C5CC-459E-9902-C21FFE0C3038}.Debug|Win32.ActiveCfg = Debug|Win32
		{81DCFF31-C5CC-459E-9902-C21FFE0C3038}.Debug|Win32.Build.0 = Debug|Win32
		{81DCFF31-C5CC-459E-9902-C21FFE0C3038}.Release|Win32.ActiveCfg = Release|Win32
		{81DCFF31-C5CC-459E-9902-C21FFE0C3038}.Release|Win32.Build.0 = Release|Win32
		{81DCFF31-C5CC-459E-9902-C21FFE0C3038}.MinSizeRel|Win32.ActiveCfg = MinSizeRel|Win32
		{81DCFF31-C5CC-459E-9902-C21FFE0C3038}.MinSizeRel|Win32.Build.0 = MinSizeRel|Win32
		{81DCFF31-C5CC-459E-9902-C21FFE0C3038}.RelWithDebInfo|Win32.ActiveCfg = RelWithDebInfo|Win32
		{81DCFF31-C5CC-459E-9902-C21FFE0C3038}.RelWithDebInfo|Win32.Build.0 = RelWithDebInfo|Win32
		{F85CEDF5-A31E-4C23-8E85-A57D74429D20}.Debug|Win32.ActiveCfg = Debug|Win32
		{F85CEDF5-A31E-4C23-8E85-A57D74429D20}.Debug|Win32.Build.0 = Debug|Win32
		{F85CEDF5-A31E-4C23-8E85-A57D74429D20}.Release|Win32.ActiveCfg = Release|Win32
		{F85CEDF5-A31E-4C23-8E85-A57D74429D20}.Release|Win32.Build.0 = Release|Win32
		{F85CEDF5-A31E-4C23-8E85-A57D74429D20}.MinSizeRel|Win32.ActiveCfg = MinSizeRel|Win32
		{F85CEDF5-A31E-4C23-8E85-A57D74429D20}.MinSizeRel|Win32.Build.0 = MinSizeRel|Win32
		{F85CEDF5-A31E-4C23-8E85-A57D74429D20}.RelWithDebInfo|Win32.ActiveCfg = RelWithDebInfo|Win32
		{F85CEDF5-A31E-4C23-8E85-A57D74429D20}.RelWithDebInfo|Win32.Build.0 = RelWithDebInfo|Win32
		{56F37F91-C9F3-48AB-8D25-D455CC31CD6E}.Debug|Win32.ActiveCfg = Debug|Win32
		{56F37F91-C9F3-48AB-8D25-D455CC31CD6E}.Debug|Win32.Build.0 = Debug|Win32
		{56F37F91-C9F3-48AB-8D25-D455CC31CD6E}.Release|Win32.ActiveCfg = Release|Win32
		{56F37F91-C9F3-48AB-8D25-D455CC31CD6E}.Release|Win32.Build.0 = Release|Win32
		{56F37F91-C9F3-48AB-8D25-D455CC31CD6E}.MinSizeRel|Win32.ActiveCfg = MinSizeRel|Win32
		{56F37F91-C9F3-48AB-8D25-D455CC31CD6E}.MinSizeRel|Win32.Build.0 = MinSizeRel|Win32
		{56F37F91-C9F3-48AB-8D25-D455CC31CD6E}.RelWithDebInfo|Win32.ActiveCfg = RelWithDebInfo|Win32
		{56F37F91-C9F3-48AB-8D25-D455CC31CD6E}.RelWithDebInfo|Win32.Build.0 = RelWithDebInfo|Win32
		{0EA83780-7435-4C9F-9646-6BCB7AEF3399}.Debug|Win32.ActiveCfg = Debug|Win32
		{0EA83780-7435-4C9F-9646-6BCB7AEF3399}.Debug|Win32.Build.0 = Debug|Win32
		{0EA83780-7435-4C9F-9646-6BCB7AEF3399}.Release|Win32.ActiveCfg = Release|Win32
		{0EA83780-7435-4C9F-9646-6BCB7AEF3399}.Release|Win32.Build.0 = Release|Win32
		{0EA83780-7435-4C9F-9646-6BCB7AEF3399}.MinSizeRel|Win32.ActiveCfg = MinSizeRel|Win32
		{0EA83780-7435-4C9F-9646-6BCB7AEF3399}.MinSizeRel|Win32.Build.0 = MinSizeRel|Win32
		{0EA83780-7435-4C9F-9646-6BCB7AEF3399}.RelWithDebInfo|Win32.ActiveCfg = RelWithDebInfo|Win32
		{0EA83780-7435-4C9F-9646-6BCB7AEF3399}.RelWithDebInfo|Win32.Build.0 = RelWithDebInfo|Win32
		{5CC973CA-9657-48B5-895B-B078F1D1B9AE}.Debug|Win32.ActiveCfg = Debug|Win32
		{5CC973CA-9657-48B5-895B-B078F1D1B9AE}.Debug|Win32.Build.0 = Debug|Win32
		{5CC973CA-9657-48B5-895B-B078F1D1B9AE}.Release|Win32.ActiveCfg = Release|Win32
		{5CC973CA-9657-48B5-895B-B078F1D1B9AE}.Release|Win32.Build.0 = Release|Win32
		{5CC973CA-9657-48B5-895B-B078F1D1B9AE}.MinSizeRel|Win32.ActiveCfg = MinSizeRel|Win32
		{5CC973CA-9657-48B5-895B-B078F1D1B9AE}.MinSizeRel|Win32.Build.0 = MinSizeRel|Win32
		{5CC973CA-9657-48B5-895B-B078F1D1B9AE}.RelWithDebInfo|Win32.ActiveCfg = RelWithDebInfo|Win32
		{5CC973CA-9657-48B5-895B-B078F1D1B9AE}.RelWithDebInfo|Win32.Build.0 = RelWithDebInfo|Win32
		{A273ACE4-DEC6-48FF-BDD4-C02BAC9D602F}.Debug|Win32.ActiveCfg = Debug|Win32
		{A273ACE4-DEC6-48FF-BDD4-C02BAC9D602F}.Debug|Win32.Build.0 = Debug|Win32
		{A273ACE4-DEC6-48FF-BDD4-C02BAC9D602F}.Release|Win32.ActiveCfg = Release|Win32
		{A273ACE4-DEC6-48FF-BDD4-C02BAC9D602F}.Release|Win32.Build.0 = Release|Win32
		{A273ACE4-DEC6-48FF-BDD4-C02BAC9D602F}.MinSizeRel|Win32.ActiveCfg = MinSizeRel|Win32
		{A273ACE4-DEC6-48FF-BDD4-C02BAC9D602F}.MinSizeRel|Win32.Build.0 = MinSizeRel|Win32
		{A273ACE4-DEC6-48FF-BDD4-C02BAC9D602F}.RelWithDebInfo|Win32.ActiveCfg = RelWithDebInfo|Win32
		{A273ACE4-DEC6-48FF-BDD4-C02BAC9D602F}.RelWithDebInfo|Win32.Build.0 = RelWithDebInfo|Win32
		{F57B924C-304B-4C4F-944F-35A35FE10F38}.Debug|Win32.ActiveCfg = Debug|Win32
		{F57B924C-304B-4C4F-944F-35A35FE10F38}.Debug|Win32.Build.0 = Debug|Win32
		{F57B924C-304B-4C4F-944F-35A35FE10F38}.Release|Win32.ActiveCfg = Release|Win32
		{F57B924C-304B-4C4F-944F-35A35FE10F38}.Release|Win32.Build.0 = Release|Win32
		{F57B924C-304B-4C4F-944F-35A35FE10F38}.MinSizeRel|Win32.ActiveCfg = MinSizeRel|Win32
		{F57B924C-304B-4C4F-944F-35A35FE10F38}.MinSizeRel|Win32.Build.0 = MinSizeRel|Win32
		{F57B924C-304B-4C4F-944F-35A35FE10F38}.RelWithDebInfo|Win32.ActiveCfg = RelWithDebInfo|Win32
		{F57B924C-304B-4C4F-944F-35A35FE10F38}.RelWithDebInfo|Win32.Build.0 = RelWithDebInfo|Win32
		{1413348C-27AD-4DA0-B9BB-BECDBDA5687E}.Debug|Win32.ActiveCfg = Debug|Win32
		{1413348C-27AD-4DA0-B9BB-BECDBDA5687E}.Debug|Win32.Build.0 = Debug|Win32
		{1413348C-27AD-4DA0-B9BB-BECDBDA5687E}.Release|Win32.ActiveCfg = Release|Win32
		{1413348C-27AD-4DA0-B9BB-BECDBDA5687E}.Release|Win32.Build.0 = Release|Win32
		{1413348C-27AD-4DA0-B9BB-BECDBDA5687E}.MinSizeRel|Win32.ActiveCfg = MinSizeRel|Win32
		{1413348C-27AD-4DA0-B9BB-BECDBDA5687E}.MinSizeRel|Win32.Build.0 = MinSizeRel|Win32
		{1413348C-27AD-4DA0-B9BB-BECDBDA5687E}.RelWithDebInfo|Win32.ActiveCfg = RelWithDebInfo|Win32
		{1413348C-27AD-4DA0-B9BB-BECDBDA5687E}.RelWithDebInfo|Win32.Build.0 = RelWithDebInfo|Win32
		{B4D98F88-7F91-4AF3-A858-E94B4776176D}.Debug|Win32.ActiveCfg = Debug|Win32
		{B4D98F88-7F91-4AF3-A858-E94B4776176D}.Debug|Win32.Build.0 = Debug|Win32
		{B4D98F88-7F91-4AF3-A858-E94B4776176D}.Release|Win32.ActiveCfg = Release|Win32
		{B4D98F88-7F91-4AF3-A858-E94B4776176D}.Release|Win32.Build.0 = Release|Win32
		{B4D98F88-7F91-4AF3-A858-E94B4776176D}.MinSizeRel|Win32.ActiveCfg = MinSizeRel|Win32
		{B4D98F88-7F91-4AF3-A858-E94B4776176D}.MinSizeRel|Win32.Build.0 = MinSizeRel|Win32
		{B4D98F88-7F91-4AF3-A858-E94B4776176D}.RelWithDebInfo|Win32.ActiveCfg = RelWithDebInfo|Win32
		{B4D98F88-7F91-4AF3-A858-E94B4776176D}.RelWithDebInfo|Win32.Build.0 = RelWithDebInfo|Win32
		{FAF8DBC1-8853-4886-8A9B-DB3E6A3DE938}.Debug|Win32.ActiveCfg = Debug|Win32
		{FAF8DBC1-8853-4886-8A9B-DB3E6A3DE938}.Debug|Win32.Build.0 = Debug|Win32
		{FAF8DBC1-8853-4886-8A9B-DB3E6A3DE938}.Release|Win32.ActiveCfg = Release|Win32
		{FAF8DBC1-8853-4886-8A9B-DB3E6A3DE938}.Release|Win32.Build.0 = Release|Win32
		{FAF8DBC1-8853-4886-8A9B-DB3E6A3DE938}.MinSizeRel|Win32.ActiveCfg = MinSizeRel|Win32
		{FAF8DBC1-8853-4886-8A9B-DB3E6A3DE938}.MinSizeRel|Win32.Build.0 = MinSizeRel|Win32
		{FAF8DBC1-8853-4886-8A9B-DB3E6A3DE938}.RelWithDebInfo|Win32.ActiveCfg = RelWithDebInfo|Win32
		{FAF8DBC1-8853-4886-8A9B-DB3E6A3DE938}.RelWithDebInfo|Win32.Build.0 = RelWithDebInfo|Win32
		{3D7F36D8-01B1-48EF-A19B-5FACDAE72B9C}.Debug|Win32.ActiveCfg = Debug|Win32
		{3D7F36D8-01B1-48EF-A19B-5FACDAE72B9C}.Debug|Win32.Build.0 = Debug|Win32
		{3D7F36D8-01B1-48EF-A19B-5FACDAE72B9C}.Release|Win32.ActiveCfg = Release|Win32
		{3D7F36D8-01B1-48EF-A19B-5FACDAE72B9C}.Release|Win32.Build.0 = Release|Win32
		{3D7F36D8-01B1-48EF-A19B-5FACDAE72B9C}.MinSizeRel|Win32.ActiveCfg = MinSizeRel|Win32
		{3D7F36D8-01B1-48EF-A19B-5FACDAE72B9C}.MinSizeRel|Win32.Build.0 = MinSizeRel|Win32
		{3D7F36D8-01B1-48EF-A19B-5FACDAE72B9C}.RelWithDebInfo|Win32.ActiveCfg = RelWithDebInfo|Win32
		{3D7F36D8-01B1-48EF-A19B-5FACDAE72B9C}.RelWithDebInfo|Win32.Build.0 = RelWithDebInfo|Win32
		{A1AE2A9B-D56E-4ECB-8725-602D59196C85}.Debug|Win32.ActiveCfg = Debug|Win32
		{A1AE2A9B-D56E-4ECB-8725-602D59196C85}.Debug|Win32.Build.0 = Debug|Win32
		{A1AE2A9B-D56E-4ECB-8725-602D59196C85}.Release|Win32.ActiveCfg = Release|Win32
		{A1AE2A9B-D56E-4ECB-8725-602D59196C85}.Release|Win32.Build.0 = Release|Win32
		{A1AE2A9B-D56E-4ECB-8725-602D59196C85}.MinSizeRel|Win32.ActiveCfg = MinSizeRel|Win32
		{A1AE2A9B-D56E-4ECB-8725-602D59196C85}.MinSizeRel|Win32.Build.0 = MinSizeRel|Win32
		{A1AE2A9B-D56E-4ECB-8725-602D59196C85}.RelWithDebInfo|Win32.ActiveCfg = RelWithDebInfo|Win32
		{A1AE2A9B-D56E-4ECB-8725-602D59196C85}.RelWithDebInfo|Win32.Build.0 = RelWithDebInfo|Win32
		{F0E25FB7-30DA-4C65-9046-2D70B918AE1A}.Debug|Win32.ActiveCfg = Debug|Win32
		{F0E25FB7-30DA-4C65-9046-2D70B918AE1A}.Debug|Win32.Build.0 = Debug|Win32
		{F0E25FB7-30DA-4C65-9046-2D70B918AE1A}.Release|Win32.ActiveCfg = Release|Win32
		{F0E25FB7-30DA-4C65-9046-2D70B918AE1A}.Release|Win32.Build.0 = Release|Win32
		{F0E25FB7-30DA-4C65-9046-2D70B918AE1A}.MinSizeRel|Win32.ActiveCfg = MinSizeRel|Win32
		{F0E25FB7-30DA-4C65-9046-2D70B918AE1A}.MinSizeRel|Win32.Build.0 = MinSizeRel|Win32
		{F0E25FB7-30DA-4C65-9046-2D70B918AE1A}.RelWithDebInfo|Win32.ActiveCfg = RelWithDebInfo|Win32
		{F0E25FB7-30DA-4C65-9046-2D70B918AE1A}.RelWithDebInfo|Win32.Build.0 = RelWithDebInfo|Win32
		{02ADA10F-D4D5-4083-881C-0D3236C404DC}.Debug|Win32.ActiveCfg = Debug|Win32
		{02ADA10F-D4D5-4083-881C-0D3236C404DC}.Release|Win32.ActiveCfg = Release|Win32
		{02ADA10F-D4D5-4083-881C-0D3236C404DC}.MinSizeRel|Win32.ActiveCfg = MinSizeRel|Win32
		{02ADA10F-D4D5-4083-881C-0D3236C404DC}.RelWithDebInfo|Win32.ActiveCfg = RelWithDebInfo|Win32
		{B3FC3627-FAC4-40EC-A455-1A564F1E9F8B}.Debug|Win32.ActiveCfg = Debug|Win32
		{B3FC3627-FAC4-40EC-A455-1A564F1E9F8B}.Debug|Win32.Build.0 = Debug|Win32
		{B3FC3627-FAC4-40EC-A455-1A564F1E9F8B}.Release|Win32.ActiveCfg = Release|Win32
		{B3FC3627-FAC4-40EC-A455-1A564F1E9F8B}.Release|Win32.Build.0 = Release|Win32
		{B3FC3627-FAC4-40EC-A455-1A564F1E9F8B}.MinSizeRel|Win32.ActiveCfg = MinSizeRel|Win32
		{B3FC3627-FAC4-40EC-A455-1A564F1E9F8B}.MinSizeRel|Win32.Build.0 = MinSizeRel|Win32
		{B3FC3627-FAC4-40EC-A455-1A564F1E9F8B}.RelWithDebInfo|Win32.ActiveCfg = RelWithDebInfo|Win32
		{B3FC3627-FAC4-40EC-A455-1A564F1E9F8B}.RelWithDebInfo|Win32.Build.0 = RelWithDebInfo|Win32
		{2629B6BA-1F17-4916-B0CD-63469CCCA24C}.Debug|Win32.ActiveCfg = Debug|Win32
		{2629B6BA-1F17-4916-B0CD-63469CCCA24C}.Debug|Win32.Build.0 = Debug|Win32
		{2629B6BA-1F17-4916-B0CD-63469CCCA24C}.Release|Win32.ActiveCfg = Release|Win32
		{2629B6BA-1F17-4916-B0CD-63469CCCA24C}.Release|Win32.Build.0 = Release|Win32
		{2629B6BA-1F17-4916-B0CD-63469CCCA24C}.MinSizeRel|Win32.ActiveCfg = MinSizeRel|Win32
		{2629B6BA-1F17-4916-B0CD-63469CCCA24C}.MinSizeRel|Win32.Build.0 = MinSizeRel|Win32
		{2629B6BA-1F17-4916-B0CD-63469CCCA24C}.RelWithDebInfo|Win32.ActiveCfg = RelWithDebInfo|Win32
		{2629B6BA-1F17-4916-B0CD-63469CCCA24C}.RelWithDebInfo|Win32.Build.0 = RelWithDebInfo|Win32
	EndGlobalSection
	GlobalSection(ExtensibilityGlobals) = postSolution
	EndGlobalSection
	GlobalSection(ExtensibilityAddIns) = postSolution
	EndGlobalSection
EndGlobal
