<?xml version="1.0" encoding="utf-8"?>
<Project ToolsVersion="4.0" xmlns="http://schemas.microsoft.com/developer/msbuild/2003">
  <ItemGroup>
    <CustomBuild Include="CMakeFiles\b859b584d4b2b175be8a6d5c62100271\INSTALL_force.rule">
      <Filter>CMake Rules</Filter>
    </CustomBuild>
  </ItemGroup>
  <ItemGroup>
    <Filter Include="CMake Rules">
      <UniqueIdentifier>{5ABEEE34-FBE9-4841-B80C-3D76AB963B1A}</UniqueIdentifier>
    </Filter>
  </ItemGroup>
</Project>
